
Microsoft Visual Studio Solution File, Format Version 12.00
# Visual Studio Version 17
VisualStudioVersion = 17.2.32602.215
MinimumVisualStudioVersion = 10.0.40219.1
Project("{FAE04EC0-301F-11D3-BF4B-00C04F79EFBC}") = "Aula11", "Aula11\Aula11.csproj", "{A534724C-888B-41CB-98BD-C25147370489}"
EndProject
Global
	GlobalSection(SolutionConfigurationPlatforms) = preSolution
		Debug|Any CPU = Debug|Any CPU
		Release|Any CPU = Release|Any CPU
	EndGlobalSection
	GlobalSection(ProjectConfigurationPlatforms) = postSolution
		{A534724C-888B-41CB-98BD-C25147370489}.Debug|Any CPU.ActiveCfg = Debug|Any CPU
		{A534724C-888B-41CB-98BD-C25147370489}.Debug|Any CPU.Build.0 = Debug|Any CPU
		{A534724C-888B-41CB-98BD-C25147370489}.Release|Any CPU.ActiveCfg = Release|Any CPU
		{A534724C-888B-41CB-98BD-C25147370489}.Release|Any CPU.Build.0 = Release|Any CPU
	EndGlobalSection
	GlobalSection(SolutionProperties) = preSolution
		HideSolutionNode = FALSE
	EndGlobalSection
	GlobalSection(ExtensibilityGlobals) = postSolution
		SolutionGuid = {BBC94AB2-0AF1-4D0F-A6E2-433AED388B69}
	EndGlobalSection
EndGlobal
